<?xml version="1.0" encoding="utf-8"?>
<Project ToolsVersion="4.0" xmlns="http://schemas.microsoft.com/developer/msbuild/2003">
  <ItemGroup>
    <Filter Include="Source Files">
      <UniqueIdentifier>{4FC737F1-C7A5-4376-A066-2A32D752A2FF}</UniqueIdentifier>
      <Extensions>cpp;c;cc;cxx;def;odl;idl;hpj;bat;asm;asmx</Extensions>
    </Filter>
    <Filter Include="Header Files">
      <UniqueIdentifier>{93995380-89BD-4b04-88EB-625FBE52EBFB}</UniqueIdentifier>
      <Extensions>h;hh;hpp;hxx;hm;inl;inc;ipp;xsd</Extensions>
    </Filter>
    <Filter Include="Resource Files">
      <UniqueIdentifier>{67DA6AB6-F800-4c08-8B7A-83BB121AAD01}</UniqueIdentifier>
      <Extensions>rc;ico;cur;bmp;dlg;rc2;rct;bin;rgs;gif;jpg;jpeg;jpe;resx;tiff;tif;png;wav;mfcribbon-ms</Extensions>
    </Filter>
    <Filter Include="Source Files\Core">
      <UniqueIdentifier>{bd3f59a1-3942-4571-9490-93371168344a}</UniqueIdentifier>
    </Filter>
    <Filter Include="Source Files\Core\Window">
      <UniqueIdentifier>{1d5ba7bf-0775-4551-935f-676c438a815c}</UniqueIdentifier>
    </Filter>
    <Filter Include="Source Files\Core\Input">
      <UniqueIdentifier>{05f8e9b5-3f53-4f76-83e5-95ca4f6f47a8}</UniqueIdentifier>
    </Filter>
    <Filter Include="Source Files\Core\Graphics">
      <UniqueIdentifier>{99153282-6752-49b5-9691-ef10c9c9bc73}</UniqueIdentifier>
    </Filter>
  </ItemGroup>
  <ItemGroup>
    <ClCompile Include="RenderView.cpp">
      <Filter>Source Files\Core\Window</Filter>
    </ClCompile>
    <ClCompile Include="Main.cpp">
      <Filter>Source Files</Filter>
    </ClCompile>
    <ClCompile Include="InputManager.cpp">
      <Filter>Source Files\Core\Input</Filter>
    </ClCompile>
    <ClCompile Include="Application.cpp">
      <Filter>Source Files\Core</Filter>
    </ClCompile>
  </ItemGroup>
  <ItemGroup>
    <ClInclude Include="ISystem.h">
      <Filter>Source Files\Core\Input</Filter>
    </ClInclude>
    <ClInclude Include="RenderView.h">
      <Filter>Source Files\Core\Window</Filter>
    </ClInclude>
    <ClInclude Include="InputManager.h">
      <Filter>Source Files\Core\Input</Filter>
    </ClInclude>
    <ClInclude Include="Application.h">
      <Filter>Source Files\Core</Filter>
    </ClInclude>
    <ClInclude Include="Renderer.h">
      <Filter>Source Files\Core\Graphics</Filter>
    </ClInclude>
  </ItemGroup>
</Project>